
Microsoft Visual Studio Solution File, Format Version 12.00
# Visual Studio Version 17
VisualStudioVersion = 17.6.33829.357
MinimumVisualStudioVersion = 10.0.40219.1
Project("{9A19103F-16F7-4668-BE54-9A1E7A4F7556}") = "ConsoleApp", "ConsoleApp\ConsoleApp.csproj", "{4290E6D9-FB7E-43F7-9139-A9305DDC3833}"
EndProject
Project("{FAE04EC0-301F-11D3-BF4B-00C04F79EFBC}") = "Improv", "Improv\Improv.csproj", "{4210E1AC-8AA8-4D12-98B3-20F9DF522A7D}"
EndProject
Project("{FAE04EC0-301F-11D3-BF4B-00C04F79EFBC}") = "Bot", "Bot\Bot.csproj", "{3B518FCA-2108-4561-A505-B47403841544}"
EndProject
Global
	GlobalSection(SolutionConfigurationPlatforms) = preSolution
		Debug|Any CPU = Debug|Any CPU
		Release|Any CPU = Release|Any CPU
	EndGlobalSection
	GlobalSection(ProjectConfigurationPlatforms) = postSolution
		{4290E6D9-FB7E-43F7-9139-A9305DDC3833}.Debug|Any CPU.ActiveCfg = Debug|Any CPU
		{4290E6D9-FB7E-43F7-9139-A9305DDC3833}.Debug|Any CPU.Build.0 = Debug|Any CPU
		{4290E6D9-FB7E-43F7-9139-A9305DDC3833}.Release|Any CPU.ActiveCfg = Release|Any CPU
		{4290E6D9-FB7E-43F7-9139-A9305DDC3833}.Release|Any CPU.Build.0 = Release|Any CPU
		{4210E1AC-8AA8-4D12-98B3-20F9DF522A7D}.Debug|Any CPU.ActiveCfg = Debug|Any CPU
		{4210E1AC-8AA8-4D12-98B3-20F9DF522A7D}.Debug|Any CPU.Build.0 = Debug|Any CPU
		{4210E1AC-8AA8-4D12-98B3-20F9DF522A7D}.Release|Any CPU.ActiveCfg = Release|Any CPU
		{4210E1AC-8AA8-4D12-98B3-20F9DF522A7D}.Release|Any CPU.Build.0 = Release|Any CPU
		{3B518FCA-2108-4561-A505-B47403841544}.Debug|Any CPU.ActiveCfg = Debug|Any CPU
		{3B518FCA-2108-4561-A505-B47403841544}.Debug|Any CPU.Build.0 = Debug|Any CPU
		{3B518FCA-2108-4561-A505-B47403841544}.Release|Any CPU.ActiveCfg = Release|Any CPU
		{3B518FCA-2108-4561-A505-B47403841544}.Release|Any CPU.Build.0 = Release|Any CPU
	EndGlobalSection
	GlobalSection(SolutionProperties) = preSolution
		HideSolutionNode = FALSE
	EndGlobalSection
	GlobalSection(ExtensibilityGlobals) = postSolution
		SolutionGuid = {1C2A56FF-9E11-45C0-BB47-48C56BA0A415}
	EndGlobalSection
EndGlobal
